github.com/ortizdavid/filemanager v0.0.0-20230609123704-0aea4bc8d468 h1:yhjSlsTcR3aGSSgEICgTWRJxxuVzAb2C9vlR4MiHdzk=
github.com/ortizdavid/filemanager v0.0.0-20230609123704-0aea4bc8d468/go.mod h1:9hU0ZmtMxcXtBQf0DHiswP1+LvLKtQI8pbMHXPzoUQU=
github.com/ortizdavid/filemanager v0.0.0-20230614141610-b7bd027e46e3 h1:/me8Kor5j07avIcvEJ0vq7BJbmvQizuvSKPHCqIc1eY=
github.com/ortizdavid/filemanager v0.0.0-20230614141610-b7bd027e46e3/go.mod h1:9hU0ZmtMxcXtBQf0DHiswP1+LvLKtQI8pbMHXPzoUQU=
github.com/ortizdavid/message-helper v0.0.0-20230613212825-038e52b6e919 h1:B/Bu6Da9NF4sye3Qh19RPrakUfn8t/rcsnlk1cWbb+U=
github.com/ortizdavid/message-helper v0.0.0-20230613212825-038e52b6e919/go.mod h1:QwCBNboW0ici/GzbcUznJyiR6XmhCIX4Tl0XliwT+T8=
