github.com/ortizdavid/filemanager v0.0.0-20230609123704-0aea4bc8d468 h1:yhjSlsTcR3aGSSgEICgTWRJxxuVzAb2C9vlR4MiHdzk=
github.com/ortizdavid/filemanager v0.0.0-20230609123704-0aea4bc8d468/go.mod h1:9hU0ZmtMxcXtBQf0DHiswP1+LvLKtQI8pbMHXPzoUQU=
github.com/ortizdavid/message-helper v0.0.0-20230611205011-5b9b1728ba62 h1:lJgCBW7/xI+Ot00Z4h/SNkUdCczowV6LnY+PrPjiv8Q=
github.com/ortizdavid/message-helper v0.0.0-20230611205011-5b9b1728ba62/go.mod h1:QwCBNboW0ici/GzbcUznJyiR6XmhCIX4Tl0XliwT+T8=
